Microsoft Visual Studio Solution File, Format Version 12.00
# Visual Studio Version 17
VisualStudioVersion = 17.8.34316.72
MinimumVisualStudioVersion = 10.0.40219.1
# 含 net8.0-windows 壳工程（仅 Windows 可还原/编译；macOS 引用会 NETSDK1100）。
Project("{FAE04EC0-301F-11D3-BF4B-00C04F79EFBC}") = "TimeoutEngine", "TimeoutEngine\TimeoutEngine.csproj", "{A1A1A1A1-1111-1111-1111-111111111111}"
EndProject
Project("{FAE04EC0-301F-11D3-BF4B-00C04F79EFBC}") = "TimeoutEngine.Win32", "TimeoutEngine.Win32\TimeoutEngine.Win32.csproj", "{A2A2A2A2-2222-2222-2222-222222222222}"
EndProject
Project("{FAE04EC0-301F-11D3-BF4B-00C04F79EFBC}") = "TimeoutShell", "TimeoutShell\TimeoutShell.csproj", "{B5B5B5B5-5555-5555-5555-555555555555}"
EndProject
Global
	GlobalSection(SolutionConfigurationPlatforms) = preSolution
		Debug|Any CPU = Debug|Any CPU
		Release|Any CPU = Release|Any CPU
	EndGlobalSection
	GlobalSection(ProjectConfigurationPlatforms) = postSolution
		{A1A1A1A1-1111-1111-1111-111111111111}.Debug|Any CPU.ActiveCfg = Debug|Any CPU
		{A1A1A1A1-1111-1111-1111-111111111111}.Debug|Any CPU.Build.0 = Debug|Any CPU
		{A1A1A1A1-1111-1111-1111-111111111111}.Release|Any CPU.ActiveCfg = Release|Any CPU
		{A1A1A1A1-1111-1111-1111-111111111111}.Release|Any CPU.Build.0 = Release|Any CPU
		{A2A2A2A2-2222-2222-2222-222222222222}.Debug|Any CPU.ActiveCfg = Debug|Any CPU
		{A2A2A2A2-2222-2222-2222-222222222222}.Debug|Any CPU.Build.0 = Debug|Any CPU
		{A2A2A2A2-2222-2222-2222-222222222222}.Release|Any CPU.ActiveCfg = Release|Any CPU
		{A2A2A2A2-2222-2222-2222-222222222222}.Release|Any CPU.Build.0 = Release|Any CPU
		{B5B5B5B5-5555-5555-5555-555555555555}.Debug|Any CPU.ActiveCfg = Debug|Any CPU
		{B5B5B5B5-5555-5555-5555-555555555555}.Debug|Any CPU.Build.0 = Debug|Any CPU
		{B5B5B5B5-5555-5555-5555-555555555555}.Release|Any CPU.ActiveCfg = Release|Any CPU
		{B5B5B5B5-5555-5555-5555-555555555555}.Release|Any CPU.Build.0 = Release|Any CPU
	EndGlobalSection
	GlobalSection(SolutionProperties) = preSolution
		HideSolutionNode = FALSE
	EndGlobalSection
EndGlobal
